
Microsoft Visual Studio Solution File, Format Version 12.00
# Visual Studio Version 16
VisualStudioVersion = 16.0.30804.86
MinimumVisualStudioVersion = 10.0.40219.1
Project("{FAE04EC0-301F-11D3-BF4B-00C04F79EFBC}") = "RandomNumber", "Random\RandomNumber.csproj", "{EFAA15D2-F022-40B4-B067-74FDAA9B63B4}"
EndProject
Project("{FAE04EC0-301F-11D3-BF4B-00C04F79EFBC}") = "FirstApp", "FirstApp\FirstApp.csproj", "{66F9FCF6-F107-4C76-AFC2-01DB3F226838}"
EndProject
Project("{FAE04EC0-301F-11D3-BF4B-00C04F79EFBC}") = "GiveMeSound", "GiveMeSound\GiveMeSound.csproj", "{C678600F-225F-467C-AD95-7DF00710A4AB}"
EndProject
Project("{FAE04EC0-301F-11D3-BF4B-00C04F79EFBC}") = "ArrayListExample", "ArrayListExample\ArrayListExample.csproj", "{043CC1C3-C960-46E5-B0DB-B034DEC6930E}"
EndProject
Project("{FAE04EC0-301F-11D3-BF4B-00C04F79EFBC}") = "PasswordGenerator", "PasswordGenerator\PasswordGenerator.csproj", "{D87EDD39-A28F-4B21-B542-C9BC91922124}"
EndProject
Project("{9A19103F-16F7-4668-BE54-9A1E7A4F7556}") = "FirstWinFormApp", "FirstWinFormApp\FirstWinFormApp.csproj", "{50551D26-D559-4439-B315-034579E03B7A}"
EndProject
Project("{9A19103F-16F7-4668-BE54-9A1E7A4F7556}") = "AddListApp", "..\AddListApp\AddListApp.csproj", "{80C983A0-A1DC-40FA-BAE5-C3D2B680E466}"
EndProject
Project("{FAE04EC0-301F-11D3-BF4B-00C04F79EFBC}") = "LoginForm", "LoginForm\LoginForm.csproj", "{184EBD72-AD29-4C27-81AC-40E247641C94}"
EndProject
Project("{FAE04EC0-301F-11D3-BF4B-00C04F79EFBC}") = "FormInTheForm", "..\FormInTheForm\FormInTheForm.csproj", "{04D3E057-6F67-4CD6-87BD-AE09B8B1D0E5}"
EndProject
Project("{FAE04EC0-301F-11D3-BF4B-00C04F79EFBC}") = "FormApp", "..\FormApp\FormApp.csproj", "{48C40DC3-0B66-438A-9BAE-5DE6229AAC6B}"
EndProject
Global
	GlobalSection(SolutionConfigurationPlatforms) = preSolution
		Debug|Any CPU = Debug|Any CPU
		Release|Any CPU = Release|Any CPU
	EndGlobalSection
	GlobalSection(ProjectConfigurationPlatforms) = postSolution
		{EFAA15D2-F022-40B4-B067-74FDAA9B63B4}.Debug|Any CPU.ActiveCfg = Debug|Any CPU
		{EFAA15D2-F022-40B4-B067-74FDAA9B63B4}.Debug|Any CPU.Build.0 = Debug|Any CPU
		{EFAA15D2-F022-40B4-B067-74FDAA9B63B4}.Release|Any CPU.ActiveCfg = Release|Any CPU
		{EFAA15D2-F022-40B4-B067-74FDAA9B63B4}.Release|Any CPU.Build.0 = Release|Any CPU
		{66F9FCF6-F107-4C76-AFC2-01DB3F226838}.Debug|Any CPU.ActiveCfg = Debug|Any CPU
		{66F9FCF6-F107-4C76-AFC2-01DB3F226838}.Debug|Any CPU.Build.0 = Debug|Any CPU
		{66F9FCF6-F107-4C76-AFC2-01DB3F226838}.Release|Any CPU.ActiveCfg = Release|Any CPU
		{66F9FCF6-F107-4C76-AFC2-01DB3F226838}.Release|Any CPU.Build.0 = Release|Any CPU
		{C678600F-225F-467C-AD95-7DF00710A4AB}.Debug|Any CPU.ActiveCfg = Debug|Any CPU
		{C678600F-225F-467C-AD95-7DF00710A4AB}.Debug|Any CPU.Build.0 = Debug|Any CPU
		{C678600F-225F-467C-AD95-7DF00710A4AB}.Release|Any CPU.ActiveCfg = Release|Any CPU
		{C678600F-225F-467C-AD95-7DF00710A4AB}.Release|Any CPU.Build.0 = Release|Any CPU
		{043CC1C3-C960-46E5-B0DB-B034DEC6930E}.Debug|Any CPU.ActiveCfg = Debug|Any CPU
		{043CC1C3-C960-46E5-B0DB-B034DEC6930E}.Debug|Any CPU.Build.0 = Debug|Any CPU
		{043CC1C3-C960-46E5-B0DB-B034DEC6930E}.Release|Any CPU.ActiveCfg = Release|Any CPU
		{043CC1C3-C960-46E5-B0DB-B034DEC6930E}.Release|Any CPU.Build.0 = Release|Any CPU
		{D87EDD39-A28F-4B21-B542-C9BC91922124}.Debug|Any CPU.ActiveCfg = Debug|Any CPU
		{D87EDD39-A28F-4B21-B542-C9BC91922124}.Debug|Any CPU.Build.0 = Debug|Any CPU
		{D87EDD39-A28F-4B21-B542-C9BC91922124}.Release|Any CPU.ActiveCfg = Release|Any CPU
		{D87EDD39-A28F-4B21-B542-C9BC91922124}.Release|Any CPU.Build.0 = Release|Any CPU
		{50551D26-D559-4439-B315-034579E03B7A}.Debug|Any CPU.ActiveCfg = Debug|Any CPU
		{50551D26-D559-4439-B315-034579E03B7A}.Debug|Any CPU.Build.0 = Debug|Any CPU
		{50551D26-D559-4439-B315-034579E03B7A}.Release|Any CPU.ActiveCfg = Release|Any CPU
		{50551D26-D559-4439-B315-034579E03B7A}.Release|Any CPU.Build.0 = Release|Any CPU
		{80C983A0-A1DC-40FA-BAE5-C3D2B680E466}.Debug|Any CPU.ActiveCfg = Debug|Any CPU
		{80C983A0-A1DC-40FA-BAE5-C3D2B680E466}.Debug|Any CPU.Build.0 = Debug|Any CPU
		{80C983A0-A1DC-40FA-BAE5-C3D2B680E466}.Release|Any CPU.ActiveCfg = Release|Any CPU
		{80C983A0-A1DC-40FA-BAE5-C3D2B680E466}.Release|Any CPU.Build.0 = Release|Any CPU
		{184EBD72-AD29-4C27-81AC-40E247641C94}.Debug|Any CPU.ActiveCfg = Debug|Any CPU
		{184EBD72-AD29-4C27-81AC-40E247641C94}.Debug|Any CPU.Build.0 = Debug|Any CPU
		{184EBD72-AD29-4C27-81AC-40E247641C94}.Release|Any CPU.ActiveCfg = Release|Any CPU
		{184EBD72-AD29-4C27-81AC-40E247641C94}.Release|Any CPU.Build.0 = Release|Any CPU
		{04D3E057-6F67-4CD6-87BD-AE09B8B1D0E5}.Debug|Any CPU.ActiveCfg = Debug|Any CPU
		{04D3E057-6F67-4CD6-87BD-AE09B8B1D0E5}.Debug|Any CPU.Build.0 = Debug|Any CPU
		{04D3E057-6F67-4CD6-87BD-AE09B8B1D0E5}.Release|Any CPU.ActiveCfg = Release|Any CPU
		{04D3E057-6F67-4CD6-87BD-AE09B8B1D0E5}.Release|Any CPU.Build.0 = Release|Any CPU
		{48C40DC3-0B66-438A-9BAE-5DE6229AAC6B}.Debug|Any CPU.ActiveCfg = Debug|Any CPU
		{48C40DC3-0B66-438A-9BAE-5DE6229AAC6B}.Debug|Any CPU.Build.0 = Debug|Any CPU
		{48C40DC3-0B66-438A-9BAE-5DE6229AAC6B}.Release|Any CPU.ActiveCfg = Release|Any CPU
		{48C40DC3-0B66-438A-9BAE-5DE6229AAC6B}.Release|Any CPU.Build.0 = Release|Any CPU
	EndGlobalSection
	GlobalSection(SolutionProperties) = preSolution
		HideSolutionNode = FALSE
	EndGlobalSection
	GlobalSection(ExtensibilityGlobals) = postSolution
		SolutionGuid = {B2C001F9-9A23-44E7-8AB3-7AFC65A5465E}
	EndGlobalSection
EndGlobal
