
Microsoft Visual Studio Solution File, Format Version 12.00
# Visual Studio Version 16
VisualStudioVersion = 16.0.30804.86
MinimumVisualStudioVersion = 10.0.40219.1
Project("{FAE04EC0-301F-11D3-BF4B-00C04F79EFBC}") = "RandomNumber", "Random\RandomNumber.csproj", "{EFAA15D2-F022-40B4-B067-74FDAA9B63B4}"
EndProject
Project("{FAE04EC0-301F-11D3-BF4B-00C04F79EFBC}") = "FirstApp", "FirstApp\FirstApp.csproj", "{66F9FCF6-F107-4C76-AFC2-01DB3F226838}"
EndProject
Project("{FAE04EC0-301F-11D3-BF4B-00C04F79EFBC}") = "GiveMeSound", "GiveMeSound\GiveMeSound.csproj", "{C678600F-225F-467C-AD95-7DF00710A4AB}"
EndProject
Global
	GlobalSection(SolutionConfigurationPlatforms) = preSolution
		Debug|Any CPU = Debug|Any CPU
		Release|Any CPU = Release|Any CPU
	EndGlobalSection
	GlobalSection(ProjectConfigurationPlatforms) = postSolution
		{EFAA15D2-F022-40B4-B067-74FDAA9B63B4}.Debug|Any CPU.ActiveCfg = Debug|Any CPU
		{EFAA15D2-F022-40B4-B067-74FDAA9B63B4}.Debug|Any CPU.Build.0 = Debug|Any CPU
		{EFAA15D2-F022-40B4-B067-74FDAA9B63B4}.Release|Any CPU.ActiveCfg = Release|Any CPU
		{EFAA15D2-F022-40B4-B067-74FDAA9B63B4}.Release|Any CPU.Build.0 = Release|Any CPU
		{66F9FCF6-F107-4C76-AFC2-01DB3F226838}.Debug|Any CPU.ActiveCfg = Debug|Any CPU
		{66F9FCF6-F107-4C76-AFC2-01DB3F226838}.Debug|Any CPU.Build.0 = Debug|Any CPU
		{66F9FCF6-F107-4C76-AFC2-01DB3F226838}.Release|Any CPU.ActiveCfg = Release|Any CPU
		{66F9FCF6-F107-4C76-AFC2-01DB3F226838}.Release|Any CPU.Build.0 = Release|Any CPU
		{C678600F-225F-467C-AD95-7DF00710A4AB}.Debug|Any CPU.ActiveCfg = Debug|Any CPU
		{C678600F-225F-467C-AD95-7DF00710A4AB}.Debug|Any CPU.Build.0 = Debug|Any CPU
		{C678600F-225F-467C-AD95-7DF00710A4AB}.Release|Any CPU.ActiveCfg = Release|Any CPU
		{C678600F-225F-467C-AD95-7DF00710A4AB}.Release|Any CPU.Build.0 = Release|Any CPU
	EndGlobalSection
	GlobalSection(SolutionProperties) = preSolution
		HideSolutionNode = FALSE
	EndGlobalSection
	GlobalSection(ExtensibilityGlobals) = postSolution
		SolutionGuid = {B2C001F9-9A23-44E7-8AB3-7AFC65A5465E}
	EndGlobalSection
EndGlobal
